// !$*UTF8*$!
{
	archiveVersion = 1;
	classes = {
	};
	objectVersion = 50;
	objects = {

/* Begin PBXBuildFile section */
		33829866216C4F2400998094 /* AppDelegate.swift in Sources */ = {isa = PBXBuildFile; fileRef = 33829865216C4F2400998094 /* AppDelegate.swift */; };
		33829868216C4F2400998094 /* ViewController.swift in Sources */ = {isa = PBXBuildFile; fileRef = 33829867216C4F2400998094 /* ViewController.swift */; };
		3382986B216C4F2400998094 /* Main.storyboard in Resources */ = {isa = PBXBuildFile; fileRef = 33829869216C4F2400998094 /* Main.storyboard */; };
		3382986D216C4F2500998094 /* Assets.xcassets in Resources */ = {isa = PBXBuildFile; fileRef = 3382986C216C4F2500998094 /* Assets.xcassets */; };
		33829870216C4F2500998094 /* LaunchScreen.storyboard in Resources */ = {isa = PBXBuildFile; fileRef = 3382986E216C4F2500998094 /* LaunchScreen.storyboard */; };
		33829879216C54F100998094 /* GoogleService-Info.plist in Resources */ = {isa = PBXBuildFile; fileRef = 33829878216C54F100998094 /* GoogleService-Info.plist */; };
		FFC16F68897915A3D66F85F1 /* Pods_BackgroundModes.framework in Frameworks */ = {isa = PBXBuildFile; fileRef = AB48C7CE1C0FFC33C87706D9 /* Pods_BackgroundModes.framework */; };
/* End PBXBuildFile section */

/* Begin PBXFileReference section */
		12B33270000969DD820B888E /* Pods-BackgroundModes.debug.xcconfig */ = {isa = PBXFileReference; includeInIndex = 1; lastKnownFileType = text.xcconfig; name = "Pods-BackgroundModes.debug.xcconfig"; path = "Pods/Target Support Files/Pods-BackgroundModes/Pods-BackgroundModes.debug.xcconfig"; sourceTree = "<group>"; };
		33829862216C4F2400998094 /* BackgroundModes.app */ = {isa = PBXFileReference; explicitFileType = wrapper.application; includeInIndex = 0; path = BackgroundModes.app; sourceTree = BUILT_PRODUCTS_DIR; };
		33829865216C4F2400998094 /* AppDelegate.swift */ = {isa = PBXFileReference; lastKnownFileType = sourcecode.swift; path = AppDelegate.swift; sourceTree = "<group>"; };
		33829867216C4F2400998094 /* ViewController.swift */ = {isa = PBXFileReference; lastKnownFileType = sourcecode.swift; path = ViewController.swift; sourceTree = "<group>"; };
		3382986A216C4F2400998094 /* Base */ = {isa = PBXFileReference; lastKnownFileType = file.storyboard; name = Base; path = Base.lproj/Main.storyboard; sourceTree = "<group>"; };
		3382986C216C4F2500998094 /* Assets.xcassets */ = {isa = PBXFileReference; lastKnownFileType = folder.assetcatalog; path = Assets.xcassets; sourceTree = "<group>"; };
		3382986F216C4F2500998094 /* Base */ = {isa = PBXFileReference; lastKnownFileType = file.storyboard; name = Base; path = Base.lproj/LaunchScreen.storyboard; sourceTree = "<group>"; };
		33829871216C4F2500998094 /* Info.plist */ = {isa = PBXFileReference; lastKnownFileType = text.plist.xml; path = Info.plist; sourceTree = "<group>"; };
		33829877216C545100998094 /* BackgroundModes.entitlements */ = {isa = PBXFileReference; lastKnownFileType = text.plist.entitlements; path = BackgroundModes.entitlements; sourceTree = "<group>"; };
		33829878216C54F100998094 /* GoogleService-Info.plist */ = {isa = PBXFileReference; fileEncoding = 4; lastKnownFileType = text.plist.xml; path = "GoogleService-Info.plist"; sourceTree = "<group>"; };
		7505F3194D2002492BDBAE8F /* Pods-BackgroundModes.release.xcconfig */ = {isa = PBXFileReference; includeInIndex = 1; lastKnownFileType = text.xcconfig; name = "Pods-BackgroundModes.release.xcconfig"; path = "Pods/Target Support Files/Pods-BackgroundModes/Pods-BackgroundModes.release.xcconfig"; sourceTree = "<group>"; };
		AB48C7CE1C0FFC33C87706D9 /* Pods_BackgroundModes.framework */ = {isa = PBXFileReference; explicitFileType = wrapper.framework; includeInIndex = 0; path = Pods_BackgroundModes.framework; sourceTree = BUILT_PRODUCTS_DIR; };
/* End PBXFileReference section */

/* Begin PBXFrameworksBuildPhase section */
		3382985F216C4F2400998094 /* Frameworks */ = {
			isa = PBXFrameworksBuildPhase;
			buildActionMask = 2147483647;
			files = (
				FFC16F68897915A3D66F85F1 /* Pods_BackgroundModes.framework in Frameworks */,
			);
			runOnlyForDeploymentPostprocessing = 0;
		};
/* End PBXFrameworksBuildPhase section */

/* Begin PBXGroup section */
		33829859216C4F2400998094 = {
			isa = PBXGroup;
			children = (
				33829864216C4F2400998094 /* BackgroundModes */,
				33829863216C4F2400998094 /* Products */,
				C11E4D68BA090B2632EDC403 /* Pods */,
				DAF53B4EFEF1290A96AFF1EA /* Frameworks */,
			);
			sourceTree = "<group>";
		};
		33829863216C4F2400998094 /* Products */ = {
			isa = PBXGroup;
			children = (
				33829862216C4F2400998094 /* BackgroundModes.app */,
			);
			name = Products;
			sourceTree = "<group>";
		};
		33829864216C4F2400998094 /* BackgroundModes */ = {
			isa = PBXGroup;
			children = (
				33829877216C545100998094 /* BackgroundModes.entitlements */,
				33829865216C4F2400998094 /* AppDelegate.swift */,
				33829867216C4F2400998094 /* ViewController.swift */,
				33829869216C4F2400998094 /* Main.storyboard */,
				3382986C216C4F2500998094 /* Assets.xcassets */,
				3382986E216C4F2500998094 /* LaunchScreen.storyboard */,
				33829871216C4F2500998094 /* Info.plist */,
				33829878216C54F100998094 /* GoogleService-Info.plist */,
			);
			path = BackgroundModes;
			sourceTree = "<group>";
		};
		C11E4D68BA090B2632EDC403 /* Pods */ = {
			isa = PBXGroup;
			children = (
				12B33270000969DD820B888E /* Pods-BackgroundModes.debug.xcconfig */,
				7505F3194D2002492BDBAE8F /* Pods-BackgroundModes.release.xcconfig */,
			);
			name = Pods;
			sourceTree = "<group>";
		};
		DAF53B4EFEF1290A96AFF1EA /* Frameworks */ = {
			isa = PBXGroup;
			children = (
				AB48C7CE1C0FFC33C87706D9 /* Pods_BackgroundModes.framework */,
			);
			name = Frameworks;
			sourceTree = "<group>";
		};
/* End PBXGroup section */

/* Begin PBXNativeTarget section */
		33829861216C4F2400998094 /* BackgroundModes */ = {
			isa = PBXNativeTarget;
			buildConfigurationList = 33829874216C4F2500998094 /* Build configuration list for PBXNativeTarget "BackgroundModes" */;
			buildPhases = (
				4AF947D6F9431F2434F89FFA /* [CP] Check Pods Manifest.lock */,
				3382985E216C4F2400998094 /* Sources */,
				3382985F216C4F2400998094 /* Frameworks */,
				33829860216C4F2400998094 /* Resources */,
				8DB2A203E9DACF44E3D2645D /* [CP] Embed Pods Frameworks */,
			);
			buildRules = (
			);
			dependencies = (
			);
			name = BackgroundModes;
			productName = BackgroundModes;
			productReference = 33829862216C4F2400998094 /* BackgroundModes.app */;
			productType = "com.apple.product-type.application";
		};
/* End PBXNativeTarget section */

/* Begin PBXProject section */
		3382985A216C4F2400998094 /* Project object */ = {
			isa = PBXProject;
			attributes = {
				LastSwiftUpdateCheck = 0940;
				LastUpgradeCheck = 0940;
				ORGANIZATIONNAME = "Daniel Reyes Sánchez";
				TargetAttributes = {
					33829861216C4F2400998094 = {
						CreatedOnToolsVersion = 9.4.1;
						SystemCapabilities = {
							com.apple.BackgroundModes = {
								enabled = 1;
							};
							com.apple.Push = {
								enabled = 1;
							};
						};
					};
				};
			};
			buildConfigurationList = 3382985D216C4F2400998094 /* Build configuration list for PBXProject "BackgroundModes" */;
			compatibilityVersion = "Xcode 9.3";
			developmentRegion = en;
			hasScannedForEncodings = 0;
			knownRegions = (
				en,
				Base,
			);
			mainGroup = 33829859216C4F2400998094;
			productRefGroup = 33829863216C4F2400998094 /* Products */;
			projectDirPath = "";
			projectRoot = "";
			targets = (
				33829861216C4F2400998094 /* BackgroundModes */,
			);
		};
/* End PBXProject section */

/* Begin PBXResourcesBuildPhase section */
		33829860216C4F2400998094 /* Resources */ = {
			isa = PBXResourcesBuildPhase;
			buildActionMask = 2147483647;
			files = (
				33829870216C4F2500998094 /* LaunchScreen.storyboard in Resources */,
				33829879216C54F100998094 /* GoogleService-Info.plist in Resources */,
				3382986D216C4F2500998094 /* Assets.xcassets in Resources */,
				3382986B216C4F2400998094 /* Main.storyboard in Resources */,
			);
			runOnlyForDeploymentPostprocessing = 0;
		};
/* End PBXResourcesBuildPhase section */

/* Begin PBXShellScriptBuildPhase section */
		4AF947D6F9431F2434F89FFA /* [CP] Check Pods Manifest.lock */ = {
			isa = PBXShellScriptBuildPhase;
			buildActionMask = 2147483647;
			files = (
			);
			inputPaths = (
				"${PODS_PODFILE_DIR_PATH}/Podfile.lock",
				"${PODS_ROOT}/Manifest.lock",
			);
			name = "[CP] Check Pods Manifest.lock";
			outputPaths = (
				"$(DERIVED_FILE_DIR)/Pods-BackgroundModes-checkManifestLockResult.txt",
			);
			runOnlyForDeploymentPostprocessing = 0;
			shellPath = /bin/sh;
			shellScript = "diff \"${PODS_PODFILE_DIR_PATH}/Podfile.lock\" \"${PODS_ROOT}/Manifest.lock\" > /dev/null\nif [ $? != 0 ] ; then\n    # print error to STDERR\n    echo \"error: The sandbox is not in sync with the Podfile.lock. Run 'pod install' or update your CocoaPods installation.\" >&2\n    exit 1\nfi\n# This output is used by Xcode 'outputs' to avoid re-running this script phase.\necho \"SUCCESS\" > \"${SCRIPT_OUTPUT_FILE_0}\"\n";
			showEnvVarsInLog = 0;
		};
		8DB2A203E9DACF44E3D2645D /* [CP] Embed Pods Frameworks */ = {
			isa = PBXShellScriptBuildPhase;
			buildActionMask = 2147483647;
			files = (
			);
			inputPaths = (
				"${SRCROOT}/Pods/Target Support Files/Pods-BackgroundModes/Pods-BackgroundModes-frameworks.sh",
				"${BUILT_PRODUCTS_DIR}/GoogleToolboxForMac/GoogleToolboxForMac.framework",
				"${BUILT_PRODUCTS_DIR}/Protobuf/Protobuf.framework",
				"${BUILT_PRODUCTS_DIR}/nanopb/nanopb.framework",
			);
			name = "[CP] Embed Pods Frameworks";
			outputPaths = (
				"${TARGET_BUILD_DIR}/${FRAMEWORKS_FOLDER_PATH}/GoogleToolboxForMac.framework",
				"${TARGET_BUILD_DIR}/${FRAMEWORKS_FOLDER_PATH}/Protobuf.framework",
				"${TARGET_BUILD_DIR}/${FRAMEWORKS_FOLDER_PATH}/nanopb.framework",
			);
			runOnlyForDeploymentPostprocessing = 0;
			shellPath = /bin/sh;
			shellScript = "\"${SRCROOT}/Pods/Target Support Files/Pods-BackgroundModes/Pods-BackgroundModes-frameworks.sh\"\n";
			showEnvVarsInLog = 0;
		};
/* End PBXShellScriptBuildPhase section */

/* Begin PBXSourcesBuildPhase section */
		3382985E216C4F2400998094 /* Sources */ = {
			isa = PBXSourcesBuildPhase;
			buildActionMask = 2147483647;
			files = (
				33829868216C4F2400998094 /* ViewController.swift in Sources */,
				33829866216C4F2400998094 /* AppDelegate.swift in Sources */,
			);
			runOnlyForDeploymentPostprocessing = 0;
		};
/* End PBXSourcesBuildPhase section */

/* Begin PBXVariantGroup section */
		33829869216C4F2400998094 /* Main.storyboard */ = {
			isa = PBXVariantGroup;
			children = (
				3382986A216C4F2400998094 /* Base */,
			);
			name = Main.storyboard;
			sourceTree = "<group>";
		};
		3382986E216C4F2500998094 /* LaunchScreen.storyboard */ = {
			isa = PBXVariantGroup;
			children = (
				3382986F216C4F2500998094 /* Base */,
			);
			name = LaunchScreen.storyboard;
			sourceTree = "<group>";
		};
/* End PBXVariantGroup section */

/* Begin XCBuildConfiguration section */
		33829872216C4F2500998094 /* Debug */ = {
			isa = XCBuildConfiguration;
			buildSettings = {
				ALWAYS_SEARCH_USER_PATHS = NO;
				CLANG_ANALYZER_NONNULL = YES;
				CLANG_ANALYZER_NUMBER_OBJECT_CONVERSION = YES_AGGRESSIVE;
				CLANG_CXX_LANGUAGE_STANDARD = "gnu++14";
				CLANG_CXX_LIBRARY = "libc++";
				CLANG_ENABLE_MODULES = YES;
				CLANG_ENABLE_OBJC_ARC = YES;
				CLANG_ENABLE_OBJC_WEAK = YES;
				CLANG_WARN_BLOCK_CAPTURE_AUTORELEASING = YES;
				CLANG_WARN_BOOL_CONVERSION = YES;
				CLANG_WARN_COMMA = YES;
				CLANG_WARN_CONSTANT_CONVERSION = YES;
				CLANG_WARN_DEPRECATED_OBJC_IMPLEMENTATIONS = YES;
				CLANG_WARN_DIRECT_OBJC_ISA_USAGE = YES_ERROR;
				CLANG_WARN_DOCUMENTATION_COMMENTS = YES;
				CLANG_WARN_EMPTY_BODY = YES;
				CLANG_WARN_ENUM_CONVERSION = YES;
				CLANG_WARN_INFINITE_RECURSION = YES;
				CLANG_WARN_INT_CONVERSION = YES;
				CLANG_WARN_NON_LITERAL_NULL_CONVERSION = YES;
				CLANG_WARN_OBJC_IMPLICIT_RETAIN_SELF = YES;
				CLANG_WARN_OBJC_LITERAL_CONVERSION = YES;
				CLANG_WARN_OBJC_ROOT_CLASS = YES_ERROR;
				CLANG_WARN_RANGE_LOOP_ANALYSIS = YES;
				CLANG_WARN_STRICT_PROTOTYPES = YES;
				CLANG_WARN_SUSPICIOUS_MOVE = YES;
				CLANG_WARN_UNGUARDED_AVAILABILITY = YES_AGGRESSIVE;
				CLANG_WARN_UNREACHABLE_CODE = YES;
				CLANG_WARN__DUPLICATE_METHOD_MATCH = YES;
				CODE_SIGN_IDENTITY = "iPhone Developer";
				COPY_PHASE_STRIP = NO;
				DEBUG_INFORMATION_FORMAT = dwarf;
				ENABLE_STRICT_OBJC_MSGSEND = YES;
				ENABLE_TESTABILITY = YES;
				GCC_C_LANGUAGE_STANDARD = gnu11;
				GCC_DYNAMIC_NO_PIC = NO;
				GCC_NO_COMMON_BLOCKS = YES;
				GCC_OPTIMIZATION_LEVEL = 0;
				GCC_PREPROCESSOR_DEFINITIONS = (
					"DEBUG=1",
					"$(inherited)",
				);
				GCC_WARN_64_TO_32_BIT_CONVERSION = YES;
				GCC_WARN_ABOUT_RETURN_TYPE = YES_ERROR;
				GCC_WARN_UNDECLARED_SELECTOR = YES;
				GCC_WARN_UNINITIALIZED_AUTOS = YES_AGGRESSIVE;
				GCC_WARN_UNUSED_FUNCTION = YES;
				GCC_WARN_UNUSED_VARIABLE = YES;
				IPHONEOS_DEPLOYMENT_TARGET = 11.4;
				MTL_ENABLE_DEBUG_INFO = YES;
				ONLY_ACTIVE_ARCH = YES;
				SDKROOT = iphoneos;
				SWIFT_ACTIVE_COMPILATION_CONDITIONS = DEBUG;
				SWIFT_OPTIMIZATION_LEVEL = "-Onone";
			};
			name = Debug;
		};
		33829873216C4F2500998094 /* Release */ = {
			isa = XCBuildConfiguration;
			buildSettings = {
				ALWAYS_SEARCH_USER_PATHS = NO;
				CLANG_ANALYZER_NONNULL = YES;
				CLANG_ANALYZER_NUMBER_OBJECT_CONVERSION = YES_AGGRESSIVE;
				CLANG_CXX_LANGUAGE_STANDARD = "gnu++14";
				CLANG_CXX_LIBRARY = "libc++";
				CLANG_ENABLE_MODULES = YES;
				CLANG_ENABLE_OBJC_ARC = YES;
				CLANG_ENABLE_OBJC_WEAK = YES;
				CLANG_WARN_BLOCK_CAPTURE_AUTORELEASING = YES;
				CLANG_WARN_BOOL_CONVERSION = YES;
				CLANG_WARN_COMMA = YES;
				CLANG_WARN_CONSTANT_CONVERSION = YES;
				CLANG_WARN_DEPRECATED_OBJC_IMPLEMENTATIONS = YES;
				CLANG_WARN_DIRECT_OBJC_ISA_USAGE = YES_ERROR;
				CLANG_WARN_DOCUMENTATION_COMMENTS = YES;
				CLANG_WARN_EMPTY_BODY = YES;
				CLANG_WARN_ENUM_CONVERSION = YES;
				CLANG_WARN_INFINITE_RECURSION = YES;
				CLANG_WARN_INT_CONVERSION = YES;
				CLANG_WARN_NON_LITERAL_NULL_CONVERSION = YES;
				CLANG_WARN_OBJC_IMPLICIT_RETAIN_SELF = YES;
				CLANG_WARN_OBJC_LITERAL_CONVERSION = YES;
				CLANG_WARN_OBJC_ROOT_CLASS = YES_ERROR;
				CLANG_WARN_RANGE_LOOP_ANALYSIS = YES;
				CLANG_WARN_STRICT_PROTOTYPES = YES;
				CLANG_WARN_SUSPICIOUS_MOVE = YES;
				CLANG_WARN_UNGUARDED_AVAILABILITY = YES_AGGRESSIVE;
				CLANG_WARN_UNREACHABLE_CODE = YES;
				CLANG_WARN__DUPLICATE_METHOD_MATCH = YES;
				CODE_SIGN_IDENTITY = "iPhone Developer";
				COPY_PHASE_STRIP = NO;
				DEBUG_INFORMATION_FORMAT = "dwarf-with-dsym";
				ENABLE_NS_ASSERTIONS = NO;
				ENABLE_STRICT_OBJC_MSGSEND = YES;
				GCC_C_LANGUAGE_STANDARD = gnu11;
				GCC_NO_COMMON_BLOCKS = YES;
				GCC_WARN_64_TO_32_BIT_CONVERSION = YES;
				GCC_WARN_ABOUT_RETURN_TYPE = YES_ERROR;
				GCC_WARN_UNDECLARED_SELECTOR = YES;
				GCC_WARN_UNINITIALIZED_AUTOS = YES_AGGRESSIVE;
				GCC_WARN_UNUSED_FUNCTION = YES;
				GCC_WARN_UNUSED_VARIABLE = YES;
				IPHONEOS_DEPLOYMENT_TARGET = 11.4;
				MTL_ENABLE_DEBUG_INFO = NO;
				SDKROOT = iphoneos;
				SWIFT_COMPILATION_MODE = wholemodule;
				SWIFT_OPTIMIZATION_LEVEL = "-O";
				VALIDATE_PRODUCT = YES;
			};
			name = Release;
		};
		33829875216C4F2500998094 /* Debug */ = {
			isa = XCBuildConfiguration;
			baseConfigurationReference = 12B33270000969DD820B888E /* Pods-BackgroundModes.debug.xcconfig */;
			buildSettings = {
				ASSETCATALOG_COMPILER_APPICON_NAME = AppIcon;
				CODE_SIGN_ENTITLEMENTS = BackgroundModes/BackgroundModes.entitlements;
				CODE_SIGN_STYLE = Manual;
				DEVELOPMENT_TEAM = RV42WS6MKU;
				INFOPLIST_FILE = BackgroundModes/Info.plist;
				IPHONEOS_DEPLOYMENT_TARGET = 10.0;
				LD_RUNPATH_SEARCH_PATHS = (
					"$(inherited)",
					"@executable_path/Frameworks",
				);
				PRODUCT_BUNDLE_IDENTIFIER = com.dreyes.BackgroundModes;
				PRODUCT_NAME = "$(TARGET_NAME)";
				PROVISIONING_PROFILE = "f6f32400-4bcd-4409-9398-50f212e13447";
				PROVISIONING_PROFILE_SPECIFIER = "BackgroundModes-Dev";
				SWIFT_VERSION = 4.0;
				TARGETED_DEVICE_FAMILY = "1,2";
			};
			name = Debug;
		};
		33829876216C4F2500998094 /* Release */ = {
			isa = XCBuildConfiguration;
			baseConfigurationReference = 7505F3194D2002492BDBAE8F /* Pods-BackgroundModes.release.xcconfig */;
			buildSettings = {
				ASSETCATALOG_COMPILER_APPICON_NAME = AppIcon;
				CODE_SIGN_ENTITLEMENTS = BackgroundModes/BackgroundModes.entitlements;
				CODE_SIGN_IDENTITY = "iPhone Distribution";
				CODE_SIGN_STYLE = Manual;
				DEVELOPMENT_TEAM = RV42WS6MKU;
				INFOPLIST_FILE = BackgroundModes/Info.plist;
				IPHONEOS_DEPLOYMENT_TARGET = 10.0;
				LD_RUNPATH_SEARCH_PATHS = (
					"$(inherited)",
					"@executable_path/Frameworks",
				);
				PRODUCT_BUNDLE_IDENTIFIER = com.dreyes.BackgroundModes;
				PRODUCT_NAME = "$(TARGET_NAME)";
				PROVISIONING_PROFILE = "4dfde2c5-11ca-4552-b1e2-4ea9717548d7";
				PROVISIONING_PROFILE_SPECIFIER = "BackgroundModes-Adhoc";
				SWIFT_VERSION = 4.0;
				TARGETED_DEVICE_FAMILY = "1,2";
			};
			name = Release;
		};
/* End XCBuildConfiguration section */

/* Begin XCConfigurationList section */
		3382985D216C4F2400998094 /* Build configuration list for PBXProject "BackgroundModes" */ = {
			isa = XCConfigurationList;
			buildConfigurations = (
				33829872216C4F2500998094 /* Debug */,
				33829873216C4F2500998094 /* Release */,
			);
			defaultConfigurationIsVisible = 0;
			defaultConfigurationName = Release;
		};
		33829874216C4F2500998094 /* Build configuration list for PBXNativeTarget "BackgroundModes" */ = {
			isa = XCConfigurationList;
			buildConfigurations = (
				33829875216C4F2500998094 /* Debug */,
				33829876216C4F2500998094 /* Release */,
			);
			defaultConfigurationIsVisible = 0;
			defaultConfigurationName = Release;
		};
/* End XCConfigurationList section */
	};
	rootObject = 3382985A216C4F2400998094 /* Project object */;
}
